Microsoft Visual Studio Solution File, Format Version 12.00
# Visual Studio Version 17
VisualStudioVersion = 17.5.2.0
MinimumVisualStudioVersion = 10.0.40219.1
Project("{FAE04EC0-301F-11D3-BF4B-00C04F79EFBC}") = "AuctionService", "AuctionService.csproj", "{933EF090-9452-F78F-0887-32B3887B1BCA}"
EndProject
Global
	GlobalSection(SolutionConfigurationPlatforms) = preSolution
		Debug|Any CPU = Debug|Any CPU
		Release|Any CPU = Release|Any CPU
	EndGlobalSection
	GlobalSection(ProjectConfigurationPlatforms) = postSolution
		{933EF090-9452-F78F-0887-32B3887B1BCA}.Debug|Any CPU.ActiveCfg = Debug|Any CPU
		{933EF090-9452-F78F-0887-32B3887B1BCA}.Debug|Any CPU.Build.0 = Debug|Any CPU
		{933EF090-9452-F78F-0887-32B3887B1BCA}.Release|Any CPU.ActiveCfg = Release|Any CPU
		{933EF090-9452-F78F-0887-32B3887B1BCA}.Release|Any CPU.Build.0 = Release|Any CPU
	EndGlobalSection
	GlobalSection(SolutionProperties) = preSolution
		HideSolutionNode = FALSE
	EndGlobalSection
	GlobalSection(ExtensibilityGlobals) = postSolution
		SolutionGuid = {FA7C8B57-098C-43E4-9DBB-ED436228A7BD}
	EndGlobalSection
EndGlobal
